
Microsoft Visual Studio Solution File, Format Version 12.00
# Visual Studio Version 16
VisualStudioVersion = 16.0.34114.132
MinimumVisualStudioVersion = 10.0.40219.1
Project("{FAE04EC0-301F-11D3-BF4B-00C04F79EFBC}") = "Supervisor", "Supervisor.csproj", "{06A2C3E9-FCB5-47EA-9D08-9EEB15F5F26A}"
EndProject
Global
	GlobalSection(SolutionConfigurationPlatforms) = preSolution
		Debug|Any CPU = Debug|Any CPU
		Release|Any CPU = Release|Any CPU
	EndGlobalSection
	GlobalSection(ProjectConfigurationPlatforms) = postSolution
		{06A2C3E9-FCB5-47EA-9D08-9EEB15F5F26A}.Debug|Any CPU.ActiveCfg = Debug|Any CPU
		{06A2C3E9-FCB5-47EA-9D08-9EEB15F5F26A}.Debug|Any CPU.Build.0 = Debug|Any CPU
		{06A2C3E9-FCB5-47EA-9D08-9EEB15F5F26A}.Release|Any CPU.ActiveCfg = Release|Any CPU
		{06A2C3E9-FCB5-47EA-9D08-9EEB15F5F26A}.Release|Any CPU.Build.0 = Release|Any CPU
	EndGlobalSection
	GlobalSection(SolutionProperties) = preSolution
		HideSolutionNode = FALSE
	EndGlobalSection
	GlobalSection(ExtensibilityGlobals) = postSolution
		SolutionGuid = {0BE462FA-85F8-4477-8EED-0506A4A71E31}
	EndGlobalSection
EndGlobal
